
Microsoft Visual Studio Solution File, Format Version 12.00
# Visual Studio Version 17
VisualStudioVersion = 17.9.34714.143
MinimumVisualStudioVersion = 10.0.40219.1
Project("{FAE04EC0-301F-11D3-BF4B-00C04F79EFBC}") = "API_UnitTest", "API_UnitTest\API_UnitTest.csproj", "{A77C913B-F4CB-4229-889C-A8DE3E46B2CD}"
EndProject
Global
	GlobalSection(SolutionConfigurationPlatforms) = preSolution
		Debug|Any CPU = Debug|Any CPU
		Release|Any CPU = Release|Any CPU
	EndGlobalSection
	GlobalSection(ProjectConfigurationPlatforms) = postSolution
		{A77C913B-F4CB-4229-889C-A8DE3E46B2CD}.Debug|Any CPU.ActiveCfg = Debug|Any CPU
		{A77C913B-F4CB-4229-889C-A8DE3E46B2CD}.Debug|Any CPU.Build.0 = Debug|Any CPU
		{A77C913B-F4CB-4229-889C-A8DE3E46B2CD}.Release|Any CPU.ActiveCfg = Release|Any CPU
		{A77C913B-F4CB-4229-889C-A8DE3E46B2CD}.Release|Any CPU.Build.0 = Release|Any CPU
	EndGlobalSection
	GlobalSection(SolutionProperties) = preSolution
		HideSolutionNode = FALSE
	EndGlobalSection
	GlobalSection(ExtensibilityGlobals) = postSolution
		SolutionGuid = {6D494767-7C29-4E74-B517-D07BFCD25009}
	EndGlobalSection
EndGlobal
